
Microsoft Visual Studio Solution File, Format Version 12.00
# Visual Studio Version 17
VisualStudioVersion = 17.3.32819.101
MinimumVisualStudioVersion = 10.0.40219.1
Project("{FAE04EC0-301F-11D3-BF4B-00C04F79EFBC}") = "ConsoleApp1", "ConsoleApp1\ConsoleApp1.csproj", "{230142F7-F189-4ABC-885E-349B2F766DC3}"
EndProject
Global
	GlobalSection(SolutionConfigurationPlatforms) = preSolution
		Debug|Any CPU = Debug|Any CPU
		Release|Any CPU = Release|Any CPU
	EndGlobalSection
	GlobalSection(ProjectConfigurationPlatforms) = postSolution
		{230142F7-F189-4ABC-885E-349B2F766DC3}.Debug|Any CPU.ActiveCfg = Debug|Any CPU
		{230142F7-F189-4ABC-885E-349B2F766DC3}.Debug|Any CPU.Build.0 = Debug|Any CPU
		{230142F7-F189-4ABC-885E-349B2F766DC3}.Release|Any CPU.ActiveCfg = Release|Any CPU
		{230142F7-F189-4ABC-885E-349B2F766DC3}.Release|Any CPU.Build.0 = Release|Any CPU
	EndGlobalSection
	GlobalSection(SolutionProperties) = preSolution
		HideSolutionNode = FALSE
	EndGlobalSection
	GlobalSection(ExtensibilityGlobals) = postSolution
		SolutionGuid = {7BE65B19-C606-42DF-A1A4-23FF80C71045}
	EndGlobalSection
EndGlobal
